<?xml version="1.0" encoding="utf-8"?>
<Project ToolsVersion="4.0" xmlns="http://schemas.microsoft.com/developer/msbuild/2003">
  <ItemGroup>
    <Filter Include="Source Files">
      <UniqueIdentifier>{4FC737F1-C7A5-4376-A066-2A32D752A2FF}</UniqueIdentifier>
      <Extensions>cpp;c;cc;cxx;c++;cppm;ixx;def;odl;idl;hpj;bat;asm;asmx</Extensions>
    </Filter>
    <Filter Include="Header Files">
      <UniqueIdentifier>{93995380-89BD-4b04-88EB-625FBE52EBFB}</UniqueIdentifier>
      <Extensions>h;hh;hpp;hxx;h++;hm;inl;inc;ipp;xsd</Extensions>
    </Filter>
    <Filter Include="Resource Files">
      <UniqueIdentifier>{67DA6AB6-F800-4c08-8B7A-83BB121AAD01}</UniqueIdentifier>
      <Extensions>rc;ico;cur;bmp;dlg;rc2;rct;bin;rgs;gif;jpg;jpeg;jpe;resx;tiff;tif;png;wav;mfcribbon-ms</Extensions>
    </Filter>
    <Filter Include="Source Files\UIElements">
      <UniqueIdentifier>{a635b309-15b3-4d3f-bb08-0dc1bd3fd619}</UniqueIdentifier>
    </Filter>
    <Filter Include="Header Files\UIElements">
      <UniqueIdentifier>{9471663c-bd6d-4ada-baa8-fe65b25c85a8}</UniqueIdentifier>
    </Filter>
  </ItemGroup>
  <ItemGroup>
    <ClCompile Include="..\..\src\LocoMotor_Ogre\cpp\Camera.cpp">
      <Filter>Source Files</Filter>
    </ClCompile>
    <ClCompile Include="..\..\src\LocoMotor_Ogre\cpp\OgreManager.cpp">
      <Filter>Source Files</Filter>
    </ClCompile>
    <ClCompile Include="..\..\src\LocoMotor_Ogre\cpp\InputManager.cpp">
      <Filter>Source Files</Filter>
    </ClCompile>
    <ClCompile Include="..\..\src\LocoMotor_Ogre\cpp\RenderScene.cpp">
      <Filter>Source Files</Filter>
    </ClCompile>
    <ClCompile Include="..\..\src\LocoMotor_Ogre\cpp\Node.cpp">
      <Filter>Source Files</Filter>
    </ClCompile>
    <ClCompile Include="..\..\src\LocoMotor_Ogre\cpp\SGTechniqueResolverListener.cpp">
      <Filter>Source Files</Filter>
    </ClCompile>
    <ClCompile Include="..\..\src\LocoMotor_Ogre\cpp\Renderer3D.cpp">
      <Filter>Source Files</Filter>
    </ClCompile>
    <ClCompile Include="..\..\src\LocoMotor_Ogre\cpp\Light.cpp">
      <Filter>Source Files</Filter>
    </ClCompile>
    <ClCompile Include="..\..\src\LocoMotor_Ogre\cpp\ParticleHelper.cpp">
      <Filter>Source Files</Filter>
    </ClCompile>
    <ClCompile Include="..\..\src\LocoMotor_Ogre\cpp\UIElement.cpp">
      <Filter>Source Files\UIElements</Filter>
    </ClCompile>
    <ClCompile Include="..\..\src\LocoMotor_Ogre\cpp\Canvas.cpp">
      <Filter>Source Files\UIElements</Filter>
    </ClCompile>
    <ClCompile Include="..\..\src\LocoMotor_Ogre\cpp\UIImage.cpp">
      <Filter>Source Files\UIElements</Filter>
    </ClCompile>
    <ClCompile Include="..\..\src\LocoMotor_Ogre\cpp\UIText.cpp">
      <Filter>Source Files\UIElements</Filter>
    </ClCompile>
  </ItemGroup>
  <ItemGroup>
    <ClInclude Include="..\..\src\LocoMotor_Ogre\include\Camera.h">
      <Filter>Header Files</Filter>
    </ClInclude>
    <ClInclude Include="..\..\src\LocoMotor_Ogre\include\OgreManager.h">
      <Filter>Header Files</Filter>
    </ClInclude>
    <ClInclude Include="..\..\src\LocoMotor_Ogre\include\InputManager.h">
      <Filter>Header Files</Filter>
    </ClInclude>
    <ClInclude Include="..\..\src\LocoMotor_Ogre\include\RenderScene.h">
      <Filter>Header Files</Filter>
    </ClInclude>
    <ClInclude Include="..\..\src\LocoMotor_Ogre\include\Node.h">
      <Filter>Header Files</Filter>
    </ClInclude>
    <ClInclude Include="..\..\src\LocoMotor_Ogre\include\SGTechniqueResolverListener.h">
      <Filter>Header Files</Filter>
    </ClInclude>
    <ClInclude Include="..\..\src\LocoMotor_Ogre\include\RenderEntity.h">
      <Filter>Header Files</Filter>
    </ClInclude>
    <ClInclude Include="..\..\src\LocoMotor_Ogre\include\Renderer3D.h">
      <Filter>Header Files</Filter>
    </ClInclude>
    <ClInclude Include="..\..\src\LocoMotor_Ogre\include\Light.h">
      <Filter>Header Files</Filter>
    </ClInclude>
    <ClInclude Include="..\..\src\LocoMotor_Ogre\include\ParticleHelper.h">
      <Filter>Header Files</Filter>
    </ClInclude>
    <ClInclude Include="..\..\src\LocoMotor_Ogre\include\UIElement.h">
      <Filter>Header Files\UIElements</Filter>
    </ClInclude>
    <ClInclude Include="..\..\src\LocoMotor_Ogre\include\Canvas.h">
      <Filter>Header Files\UIElements</Filter>
    </ClInclude>
    <ClInclude Include="..\..\src\LocoMotor_Ogre\include\UIImage.h">
      <Filter>Header Files\UIElements</Filter>
    </ClInclude>
    <ClInclude Include="..\..\src\LocoMotor_Ogre\include\UIText.h">
      <Filter>Header Files\UIElements</Filter>
    </ClInclude>
  </ItemGroup>
</Project>