<?xml version="1.0" encoding="utf-8"?>
<Project ToolsVersion="4.0" xmlns="http://schemas.microsoft.com/developer/msbuild/2003">
  <ItemGroup>
    <ClCompile Include="..\..\src\LocoMotor\GameObject.cpp">
      <Filter>Source Files</Filter>
    </ClCompile>
    <ClCompile Include="..\..\src\LocoMotor\LogSystem.cpp">
      <Filter>Source Files</Filter>
    </ClCompile>
    <ClCompile Include="..\..\src\LocoMotor\Scene.cpp">
      <Filter>Source Files</Filter>
    </ClCompile>
    <ClCompile Include="..\..\src\LocoMotor\SceneManager.cpp">
      <Filter>Source Files</Filter>
    </ClCompile>
    <ClCompile Include="..\..\src\LocoMotor\ComponentsFactory.cpp">
      <Filter>Source Files</Filter>
    </ClCompile>
    <ClCompile Include="..\..\src\LocoMotor\Camera.cpp">
      <Filter>Source Files\Components</Filter>
    </ClCompile>
    <ClCompile Include="..\..\src\LocoMotor\ParticleSystem.cpp">
      <Filter>Source Files\Components</Filter>
    </ClCompile>
    <ClCompile Include="..\..\src\LocoMotor\RigidBodyComponent.cpp">
      <Filter>Source Files\Components</Filter>
    </ClCompile>
    <ClCompile Include="..\..\src\LocoMotor\AudioListener.cpp">
      <Filter>Source Files\Components</Filter>
    </ClCompile>
    <ClCompile Include="..\..\src\LocoMotor\AudioSource.cpp">
      <Filter>Source Files\Components</Filter>
    </ClCompile>
    <ClCompile Include="..\..\src\LocoMotor\MeshRenderer.cpp">
      <Filter>Source Files\Components</Filter>
    </ClCompile>
    <ClCompile Include="..\..\src\LocoMotor\Component.cpp">
      <Filter>Source Files\Components</Filter>
    </ClCompile>
    <ClCompile Include="..\..\src\LocoMotor\ComponentsFactory.cpp">
      <Filter>Source Files\Components\Factories</Filter>
    </ClCompile>
    <ClCompile Include="..\..\src\LocoMotor\src\pch.cpp">
      <Filter>Source Files</Filter>
    </ClCompile>
    <ClCompile Include="..\..\src\LocoMotor\src\dllmain.cpp">
      <Filter>Source Files</Filter>
    </ClCompile>
    <ClCompile Include="..\..\src\LocoMotor\MotorApi.cpp">
      <Filter>Source Files</Filter>
    </ClCompile>
    <ClCompile Include="..\..\src\LocoMotor\EnemyAI.cpp">
      <Filter>Source Files\Components</Filter>
    </ClCompile>
    <ClCompile Include="..\..\src\LocoMotor\src\Transform.cpp">
      <Filter>Source Files\Components</Filter>
    </ClCompile>
    <ClCompile Include="..\..\src\LocoMotor\src\CallBackBullet.cpp">
      <Filter>Source Files</Filter>
    </ClCompile>
    <ClCompile Include="..\..\src\LocoMotor\UIImageLM.cpp">
      <Filter>Source Files\Components</Filter>
    </ClCompile>
    <ClCompile Include="..\..\src\LocoMotor\UITextLM.cpp">
      <Filter>Source Files\Components</Filter>
    </ClCompile>
  </ItemGroup>
  <ItemGroup>
    <ClInclude Include="..\..\src\LocoMotor\GameObject.h">
      <Filter>Header Files</Filter>
    </ClInclude>
    <ClInclude Include="..\..\src\LocoMotor\LogSystem.h">
      <Filter>Header Files</Filter>
    </ClInclude>
    <ClInclude Include="..\..\src\LocoMotor\Scene.h">
      <Filter>Header Files</Filter>
    </ClInclude>
    <ClInclude Include="..\..\src\LocoMotor\SceneManager.h">
      <Filter>Header Files</Filter>
    </ClInclude>
    <ClInclude Include="..\..\src\LocoMotor\Camera.h">
      <Filter>Header Files\Components</Filter>
    </ClInclude>
    <ClInclude Include="..\..\src\LocoMotor\ParticleSystem.h">
      <Filter>Header Files\Components</Filter>
    </ClInclude>
    <ClInclude Include="..\..\src\LocoMotor\RigidBodyComponent.h">
      <Filter>Header Files\Components</Filter>
    </ClInclude>
    <ClInclude Include="..\..\src\LocoMotor\AudioListener.h">
      <Filter>Header Files\Components</Filter>
    </ClInclude>
    <ClInclude Include="..\..\src\LocoMotor\AudioSource.h">
      <Filter>Header Files\Components</Filter>
    </ClInclude>
    <ClInclude Include="..\..\src\LocoMotor\MeshRenderer.h">
      <Filter>Header Files\Components</Filter>
    </ClInclude>
    <ClInclude Include="..\..\src\LocoMotor\Component.h">
      <Filter>Header Files\Components</Filter>
    </ClInclude>
    <ClInclude Include="..\..\src\LocoMotor\ComponentsFactory.h">
      <Filter>Header Files\Components\Factorias</Filter>
    </ClInclude>
    <ClInclude Include="..\..\src\LocoMotor\include\framework.h">
      <Filter>Header Files</Filter>
    </ClInclude>
    <ClInclude Include="..\..\src\LocoMotor\include\pch.h">
      <Filter>Header Files</Filter>
    </ClInclude>
    <ClInclude Include="..\..\src\LocoMotor\MotorApi.h">
      <Filter>Header Files</Filter>
    </ClInclude>
    <ClInclude Include="..\..\src\LocoMotor\EnemyAI.h">
      <Filter>Header Files\Components</Filter>
    </ClInclude>
    <ClInclude Include="..\..\src\LocoMotor\include\Transform.h">
      <Filter>Header Files\Components</Filter>
    </ClInclude>
    <ClInclude Include="..\..\src\LocoMotor\include\CallBackBullet.h">
      <Filter>Header Files</Filter>
    </ClInclude>
    <ClInclude Include="..\..\src\LocoMotor\UIImageLM.h">
      <Filter>Header Files\Components</Filter>
    </ClInclude>
    <ClInclude Include="..\..\src\LocoMotor\UITextLM.h">
      <Filter>Header Files\Components</Filter>
    </ClInclude>
  </ItemGroup>
  <ItemGroup>
    <Filter Include="Header Files">
      <UniqueIdentifier>{928edd88-0525-4156-a756-0cf596c6b707}</UniqueIdentifier>
    </Filter>
    <Filter Include="Source Files">
      <UniqueIdentifier>{fd6a435c-5f73-45e9-bc38-e8a883fa4ca0}</UniqueIdentifier>
    </Filter>
    <Filter Include="Source Files\Components">
      <UniqueIdentifier>{ff512e1e-ed9e-47d1-a218-90718adbc760}</UniqueIdentifier>
    </Filter>
    <Filter Include="Header Files\Components">
      <UniqueIdentifier>{216936c4-7c73-4509-8442-52a94e1c311c}</UniqueIdentifier>
    </Filter>
    <Filter Include="Header Files\Components\Factorias">
      <UniqueIdentifier>{be1f815b-e630-45d6-ad97-503cd7191528}</UniqueIdentifier>
    </Filter>
    <Filter Include="Source Files\Components\Factories">
      <UniqueIdentifier>{daa893f3-e8ee-4b2e-99f2-b1cc4a984554}</UniqueIdentifier>
    </Filter>
  </ItemGroup>
</Project>